
Microsoft Visual Studio Solution File, Format Version 12.00
# Visual Studio Version 16
VisualStudioVersion = 16.0.31729.503
MinimumVisualStudioVersion = 10.0.40219.1
Project("{888888A0-9F3D-457C-B088-3A5042F75D52}") = "FlappyBird", "FlappyBird\FlappyBird.pyproj", "{B5D81701-24F1-4615-B076-DC2CA2B7DD2C}"
EndProject
Global
	GlobalSection(SolutionConfigurationPlatforms) = preSolution
		Debug|Any CPU = Debug|Any CPU
		Release|Any CPU = Release|Any CPU
	EndGlobalSection
	GlobalSection(ProjectConfigurationPlatforms) = postSolution
		{B5D81701-24F1-4615-B076-DC2CA2B7DD2C}.Debug|Any CPU.ActiveCfg = Debug|Any CPU
		{B5D81701-24F1-4615-B076-DC2CA2B7DD2C}.Release|Any CPU.ActiveCfg = Release|Any CPU
	EndGlobalSection
	GlobalSection(SolutionProperties) = preSolution
		HideSolutionNode = FALSE
	EndGlobalSection
	GlobalSection(ExtensibilityGlobals) = postSolution
		SolutionGuid = {8245D038-E396-4AA7-BE3E-A1D9D64A6141}
	EndGlobalSection
EndGlobal
